
Microsoft Visual Studio Solution File, Format Version 12.00
# Visual Studio Version 16
VisualStudioVersion = 16.0.30611.23
MinimumVisualStudioVersion = 10.0.40219.1
Project("{9A19103F-16F7-4668-BE54-9A1E7A4F7556}") = "DataStructureLinkedList", "DataStructureLinkedList\DataStructureLinkedList.csproj", "{8B06BD23-3EE0-4E41-97C3-3C1F292313B2}"
EndProject
Project("{FAE04EC0-301F-11D3-BF4B-00C04F79EFBC}") = "SortedLinkedListTest", "SortedLinkedListTest\SortedLinkedListTest.csproj", "{36762E31-F6BC-4D2F-BBE5-0A6F7E821C01}"
EndProject
Global
	GlobalSection(SolutionConfigurationPlatforms) = preSolution
		Debug|Any CPU = Debug|Any CPU
		Release|Any CPU = Release|Any CPU
	EndGlobalSection
	GlobalSection(ProjectConfigurationPlatforms) = postSolution
		{8B06BD23-3EE0-4E41-97C3-3C1F292313B2}.Debug|Any CPU.ActiveCfg = Debug|Any CPU
		{8B06BD23-3EE0-4E41-97C3-3C1F292313B2}.Debug|Any CPU.Build.0 = Debug|Any CPU
		{8B06BD23-3EE0-4E41-97C3-3C1F292313B2}.Release|Any CPU.ActiveCfg = Release|Any CPU
		{8B06BD23-3EE0-4E41-97C3-3C1F292313B2}.Release|Any CPU.Build.0 = Release|Any CPU
		{36762E31-F6BC-4D2F-BBE5-0A6F7E821C01}.Debug|Any CPU.ActiveCfg = Debug|Any CPU
		{36762E31-F6BC-4D2F-BBE5-0A6F7E821C01}.Debug|Any CPU.Build.0 = Debug|Any CPU
		{36762E31-F6BC-4D2F-BBE5-0A6F7E821C01}.Release|Any CPU.ActiveCfg = Release|Any CPU
		{36762E31-F6BC-4D2F-BBE5-0A6F7E821C01}.Release|Any CPU.Build.0 = Release|Any CPU
	EndGlobalSection
	GlobalSection(SolutionProperties) = preSolution
		HideSolutionNode = FALSE
	EndGlobalSection
	GlobalSection(ExtensibilityGlobals) = postSolution
		SolutionGuid = {AA897638-D5A7-42F6-8F04-074DA85C97DA}
	EndGlobalSection
EndGlobal
